
Microsoft Visual Studio Solution File, Format Version 12.00
# Visual Studio 15
VisualStudioVersion = 15.0.28307.779
MinimumVisualStudioVersion = 10.0.40219.1
Project("{FAE04EC0-301F-11D3-BF4B-00C04F79EFBC}") = "lab5", "lab5\lab5.csproj", "{216FA422-CC57-4D16-BF38-FCD09D3F134C}"
EndProject
Global
	GlobalSection(SolutionConfigurationPlatforms) = preSolution
		Debug|Any CPU = Debug|Any CPU
		Release|Any CPU = Release|Any CPU
	EndGlobalSection
	GlobalSection(ProjectConfigurationPlatforms) = postSolution
		{216FA422-CC57-4D16-BF38-FCD09D3F134C}.Debug|Any CPU.ActiveCfg = Debug|Any CPU
		{216FA422-CC57-4D16-BF38-FCD09D3F134C}.Debug|Any CPU.Build.0 = Debug|Any CPU
		{216FA422-CC57-4D16-BF38-FCD09D3F134C}.Release|Any CPU.ActiveCfg = Release|Any CPU
		{216FA422-CC57-4D16-BF38-FCD09D3F134C}.Release|Any CPU.Build.0 = Release|Any CPU
	EndGlobalSection
	GlobalSection(SolutionProperties) = preSolution
		HideSolutionNode = FALSE
	EndGlobalSection
	GlobalSection(ExtensibilityGlobals) = postSolution
		SolutionGuid = {37BD4F00-5D53-4815-811B-60D0299A62BC}
	EndGlobalSection
EndGlobal
